
Microsoft Visual Studio Solution File, Format Version 12.00
# Visual Studio Version 17
VisualStudioVersion = 17.8.34330.188
MinimumVisualStudioVersion = 10.0.40219.1
Project("{FAE04EC0-301F-11D3-BF4B-00C04F79EFBC}") = "testyungching", "testyungching\testyungching.csproj", "{0E7CE574-CAA5-44A3-8072-C4FD06C362E3}"
EndProject
Global
	GlobalSection(SolutionConfigurationPlatforms) = preSolution
		Debug|Any CPU = Debug|Any CPU
		Release|Any CPU = Release|Any CPU
	EndGlobalSection
	GlobalSection(ProjectConfigurationPlatforms) = postSolution
		{0E7CE574-CAA5-44A3-8072-C4FD06C362E3}.Debug|Any CPU.ActiveCfg = Debug|Any CPU
		{0E7CE574-CAA5-44A3-8072-C4FD06C362E3}.Debug|Any CPU.Build.0 = Debug|Any CPU
		{0E7CE574-CAA5-44A3-8072-C4FD06C362E3}.Release|Any CPU.ActiveCfg = Release|Any CPU
		{0E7CE574-CAA5-44A3-8072-C4FD06C362E3}.Release|Any CPU.Build.0 = Release|Any CPU
	EndGlobalSection
	GlobalSection(SolutionProperties) = preSolution
		HideSolutionNode = FALSE
	EndGlobalSection
	GlobalSection(ExtensibilityGlobals) = postSolution
		SolutionGuid = {44FC5362-758F-4872-B2A0-76E9AF806C5E}
	EndGlobalSection
EndGlobal
